
Microsoft Visual Studio Solution File, Format Version 12.00
# Visual Studio Version 17
VisualStudioVersion = 17.14.36623.8
MinimumVisualStudioVersion = 10.0.40219.1
Project("{FAE04EC0-301F-11D3-BF4B-00C04F79EFBC}") = "Shopping.NET.Tests", "Shopping.NET.Tests.csproj", "{D8287742-7129-9BB6-4BC2-45C8EEC376F3}"
EndProject
Project("{2150E333-8FDC-42A3-9474-1A3956D46DE8}") = "Éléments de solution", "Éléments de solution", "{9C8CB701-102D-CF49-A3E0-89AC09D42C2C}"
	ProjectSection(SolutionItems) = preProject
		CustomWebApplicationFactory.cs = CustomWebApplicationFactory.cs
	EndProjectSection
EndProject
Global
	GlobalSection(SolutionConfigurationPlatforms) = preSolution
		Debug|Any CPU = Debug|Any CPU
		Release|Any CPU = Release|Any CPU
	EndGlobalSection
	GlobalSection(ProjectConfigurationPlatforms) = postSolution
		{D8287742-7129-9BB6-4BC2-45C8EEC376F3}.Debug|Any CPU.ActiveCfg = Debug|Any CPU
		{D8287742-7129-9BB6-4BC2-45C8EEC376F3}.Debug|Any CPU.Build.0 = Debug|Any CPU
		{D8287742-7129-9BB6-4BC2-45C8EEC376F3}.Release|Any CPU.ActiveCfg = Release|Any CPU
		{D8287742-7129-9BB6-4BC2-45C8EEC376F3}.Release|Any CPU.Build.0 = Release|Any CPU
	EndGlobalSection
	GlobalSection(SolutionProperties) = preSolution
		HideSolutionNode = FALSE
	EndGlobalSection
	GlobalSection(ExtensibilityGlobals) = postSolution
		SolutionGuid = {A834399C-837C-41DA-9A70-AA04FD829C9E}
	EndGlobalSection
EndGlobal
